schema = "reprobuild.solved-graph-lock.v2"

[lock]
platform = "amd64-linux"
optimal = false
inputs_digest = "fnv1a64:b2fe84f9b84a419b"
variants = []
packages = [{ name = "gcc", version = "12.0.0", source = "gcc" }, { name = "nim", version = "2.0.0", source = "nim" }, { name = "nim-acp", version = "1.0.0", source = "nim-acp" }, { name = "nim-agent-harbor", version = "1.0.0", source = "nim-agent-harbor" }, { name = "nim-everywhere", version = "1.0.0", source = "nim-everywhere" }, { name = "nim_acp", version = "0.1.0", source = "nim_acp" }, { name = "nim_agent_harbor", version = "0.1.0", source = "nim_agent_harbor" }, { name = "nim_agents", version = "0.1.0", source = "nim_agents" }, { name = "nim_everywhere", version = "0.1.0", source = "nim_everywhere" }]
deps = [{ name = "nim-acp", path = "../nim-acp", coord_kind = "vcs", url = "https://github.com/metacraft-labs/nim-acp", ref = "mcr-stege0-and-fixes", revision = "3e762e763fc51dcda9e992ae9b5fa9e3f593c2df", integrity = "git-sha1:3e762e763fc51dcda9e992ae9b5fa9e3f593c2df", version = "", visibility = "public", participation = "", depends = "", groups = "" }, { name = "nim-agent-harbor", path = "../nim-agent-harbor", coord_kind = "vcs", url = "https://github.com/metacraft-labs/nim-agent-harbor", ref = "mcr-stege0-and-fixes", revision = "eed5c639d0a835144850c06d7eb2dc874ab46ec4", integrity = "git-sha1:eed5c639d0a835144850c06d7eb2dc874ab46ec4", version = "", visibility = "public", participation = "", depends = "", groups = "" }, { name = "nim-agents", path = ".", coord_kind = "vcs", url = "https://github.com/metacraft-labs/nim-agents", ref = "mcr-stege0-and-fixes", revision = "01c6ed160e7f018f7fed011878711b9fe7428a4b", integrity = "git-sha1:01c6ed160e7f018f7fed011878711b9fe7428a4b", version = "", visibility = "public", participation = "", depends = "nim-acp,nim-agent-harbor,nim-everywhere", groups = "" }, { name = "nim-everywhere", path = "../nim-everywhere", coord_kind = "vcs", url = "https://github.com/metacraft-labs/nim-everywhere", ref = "mcr-stege0-and-fixes", revision = "015a410ebd4257b0b0e5772a0a94e446a505f9b7", integrity = "git-sha1:015a410ebd4257b0b0e5772a0a94e446a505f9b7", version = "", visibility = "public", participation = "", depends = "", groups = "" }]
