schema = "reprobuild.solved-graph-lock.v2"

[lock]
platform = "amd64-linux"
optimal = false
inputs_digest = "fnv1a64:42a0ce8379832b69"
variants = []
packages = [{ name = "gcc", version = "12.0.0", source = "gcc", selection = "selected" }, { name = "nim", version = "2.0.0", source = "nim", selection = "selected" }, { name = "nim-acp", version = "1.0.0", source = "nim-acp", selection = "selected" }, { name = "nim-agent-harbor", version = "1.0.0", source = "nim-agent-harbor", selection = "selected" }, { name = "nim-everywhere", version = "1.0.0", source = "nim-everywhere", selection = "selected" }, { name = "nim_acp", version = "0.1.0", source = "nim_acp", selection = "selected" }, { name = "nim_agent_harbor", version = "0.1.0", source = "nim_agent_harbor", selection = "selected" }, { name = "nim_agents", version = "0.1.0", source = "nim_agents", selection = "selected" }, { name = "nim_everywhere", version = "0.1.0", source = "nim_everywhere", selection = "selected" }]
deps = [{ name = "nim-acp", path = "../nim-acp", coord_kind = "vcs", url = "https://github.com/metacraft-labs/nim-acp", ref = "dev", revision = "0d3ff2e9c3c1e5a3a14e036fa8a16b1e62d9c79f", integrity = "git-sha1:0d3ff2e9c3c1e5a3a14e036fa8a16b1e62d9c79f", version = "", visibility = "public", participation = "", depends = "", tags = "" }, { name = "nim-agent-harbor", path = "../nim-agent-harbor", coord_kind = "vcs", url = "https://github.com/metacraft-labs/nim-agent-harbor", ref = "dev", revision = "9f5f501bb83748f6046786a09b50a128c17dca0f", integrity = "git-sha1:9f5f501bb83748f6046786a09b50a128c17dca0f", version = "", visibility = "public", participation = "", depends = "", tags = "" }, { name = "nim-agents", path = ".", coord_kind = "vcs", url = "https://github.com/metacraft-labs/nim-agents", ref = "dev", revision = "ccdefe2294b368536023cff0546d2ff7fad8703c", integrity = "git-sha1:ccdefe2294b368536023cff0546d2ff7fad8703c", version = "", visibility = "public", participation = "", depends = "nim-acp,nim-agent-harbor,nim-everywhere", tags = "" }, { name = "nim-everywhere", path = "../nim-everywhere", coord_kind = "vcs", url = "https://github.com/metacraft-labs/nim-everywhere", ref = "dev", revision = "bb8c8d7aa9f036d7ce1b353b7a4140cf95134f9c", integrity = "git-sha1:bb8c8d7aa9f036d7ce1b353b7a4140cf95134f9c", version = "", visibility = "public", participation = "", depends = "", tags = "" }]
